
Microsoft Visual Studio Solution File, Format Version 12.00
# Visual Studio 15
VisualStudioVersion = 15.0.27130.2010
MinimumVisualStudioVersion = 10.0.40219.1
Project("{8BC9CEB8-8B4A-11D0-8D11-00A0C91BC942}") = "Executive", "Executive\Executive.vcxproj", "{A646E481-95EC-485E-A16C-B9767845E06A}"
EndProject
Project("{8BC9CEB8-8B4A-11D0-8D11-00A0C91BC942}") = "DirExplorer-Naive", "..\DirExplorer-Naive\DirExplorer-Naive.vcxproj", "{8006BB01-EE84-43EA-9C98-4216A68F2530}"
EndProject
Project("{8BC9CEB8-8B4A-11D0-8D11-00A0C91BC942}") = "FileSystemDemo", "..\FileSystem\FileSystemDemo.vcxproj", "{EF4A3188-CA93-45A2-AB52-7548669E3AA8}"
EndProject
Project("{8BC9CEB8-8B4A-11D0-8D11-00A0C91BC942}") = "ConvertAndStore", "ConvertAndStore\ConvertAndStore.vcxproj", "{E7A22E0A-8F73-4C98-B1AF-5C723C85780F}"
EndProject
Project("{8BC9CEB8-8B4A-11D0-8D11-00A0C91BC942}") = "Display", "Display\Display.vcxproj", "{93A24881-6D5B-483F-8614-C5B35E8A05CA}"
EndProject
Project("{8BC9CEB8-8B4A-11D0-8D11-00A0C91BC942}") = "Process", "Process\Process.vcxproj", "{5E2548A1-C280-49E1-A2B6-55F4BA12B3F2}"
EndProject
Project("{8BC9CEB8-8B4A-11D0-8D11-00A0C91BC942}") = "Loader", "Loader\Loader.vcxproj", "{2F0ECB64-7C97-4797-87F1-5E4317A0B83D}"
EndProject
Project("{8BC9CEB8-8B4A-11D0-8D11-00A0C91BC942}") = "Parser", "Parser\Parser.vcxproj", "{77BE9964-7862-4D05-AFF0-B42718AAE386}"
EndProject
Project("{8BC9CEB8-8B4A-11D0-8D11-00A0C91BC942}") = "Tokenizer", "Tokenizer\Tokenizer.vcxproj", "{5632AB5E-C4AA-4119-9CDA-1A49176F2D52}"
EndProject
Project("{8BC9CEB8-8B4A-11D0-8D11-00A0C91BC942}") = "Utilities", "Utilities\Utilities.vcxproj", "{462B43B2-8B13-4178-BF2A-903F76F1985C}"
EndProject
Project("{8BC9CEB8-8B4A-11D0-8D11-00A0C91BC942}") = "GrammarHelpers", "GrammarHelpers\GrammarHelpers.vcxproj", "{119080C0-DA30-4A3C-85D6-37315067CB1A}"
EndProject
Project("{8BC9CEB8-8B4A-11D0-8D11-00A0C91BC942}") = "ScopeStack", "ScopeStack\ScopeStack.vcxproj", "{0AE7CD6E-0797-422E-8DB9-407E517624A5}"
EndProject
Project("{8BC9CEB8-8B4A-11D0-8D11-00A0C91BC942}") = "AbstractSyntaxTree", "AbstractSyntaxTree\AbstractSyntaxTree.vcxproj", "{53C7C53B-4D2F-4E71-9AF3-0B77DD0034B3}"
EndProject
Project("{8BC9CEB8-8B4A-11D0-8D11-00A0C91BC942}") = "FileMgr", "FileMgr\FileMgr.vcxproj", "{DDEE27FF-855E-4D10-AD7B-79CB8966EF13}"
EndProject
Project("{8BC9CEB8-8B4A-11D0-8D11-00A0C91BC942}") = "FileSystem", "FileSystem\FileSystem.vcxproj", "{04CB7A5F-7472-4F19-9EA9-00B80063658C}"
EndProject
Project("{8BC9CEB8-8B4A-11D0-8D11-00A0C91BC942}") = "SemiExpression", "SemiExpression\SemiExpression.vcxproj", "{E7758FF7-9321-4A16-84ED-59743AB374CD}"
EndProject
Project("{8BC9CEB8-8B4A-11D0-8D11-00A0C91BC942}") = "ClassFunction", "ClassFunction\ClassFunction.vcxproj", "{F49A0D63-B39D-40A3-854E-9038B4D99D73}"
EndProject
Project("{8BC9CEB8-8B4A-11D0-8D11-00A0C91BC942}") = "HTMLTags", "HTMLTags\HTMLTags.vcxproj", "{5BAA365A-8E1C-49A3-85F1-922506BE810D}"
EndProject
Project("{8BC9CEB8-8B4A-11D0-8D11-00A0C91BC942}") = "Dependency", "Dependency\Dependency.vcxproj", "{A0783384-5B91-472D-BF19-2689C22FC989}"
EndProject
Project("{8BC9CEB8-8B4A-11D0-8D11-00A0C91BC942}") = "WebPage", "WebPage\WebPage.vcxproj", "{7D30D474-A1DD-4D23-928E-F9148547A019}"
EndProject
Project("{8BC9CEB8-8B4A-11D0-8D11-00A0C91BC942}") = "Project1", "Project1\Project1.vcxproj", "{15B909FB-B771-4FE6-9726-CE4385C0E651}"
EndProject
Project("{8BC9CEB8-8B4A-11D0-8D11-00A0C91BC942}") = "Shim", "Shim\Shim.vcxproj", "{C147DF2C-95CF-4750-99E1-428148806A22}"
EndProject
Project("{FAE04EC0-301F-11D3-BF4B-00C04F79EFBC}") = "CodePub_GUI", "CodePub_GUI\CodePub_GUI.csproj", "{ED000A8E-A19A-4683-A7FB-E65695F53C7B}"
EndProject
Global
	GlobalSection(SolutionConfigurationPlatforms) = preSolution
		Debug|Any CPU = Debug|Any CPU
		Debug|x64 = Debug|x64
		Debug|x86 = Debug|x86
		Release|Any CPU = Release|Any CPU
		Release|x64 = Release|x64
		Release|x86 = Release|x86
	EndGlobalSection
	GlobalSection(ProjectConfigurationPlatforms) = postSolution
		{A646E481-95EC-485E-A16C-B9767845E06A}.Debug|Any CPU.ActiveCfg = Debug|Win32
		{A646E481-95EC-485E-A16C-B9767845E06A}.Debug|x64.ActiveCfg = Debug|x64
		{A646E481-95EC-485E-A16C-B9767845E06A}.Debug|x64.Build.0 = Debug|x64
		{A646E481-95EC-485E-A16C-B9767845E06A}.Debug|x86.ActiveCfg = Debug|Win32
		{A646E481-95EC-485E-A16C-B9767845E06A}.Debug|x86.Build.0 = Debug|Win32
		{A646E481-95EC-485E-A16C-B9767845E06A}.Release|Any CPU.ActiveCfg = Release|Win32
		{A646E481-95EC-485E-A16C-B9767845E06A}.Release|x64.ActiveCfg = Release|x64
		{A646E481-95EC-485E-A16C-B9767845E06A}.Release|x64.Build.0 = Release|x64
		{A646E481-95EC-485E-A16C-B9767845E06A}.Release|x86.ActiveCfg = Release|Win32
		{A646E481-95EC-485E-A16C-B9767845E06A}.Release|x86.Build.0 = Release|Win32
		{8006BB01-EE84-43EA-9C98-4216A68F2530}.Debug|Any CPU.ActiveCfg = Debug|Win32
		{8006BB01-EE84-43EA-9C98-4216A68F2530}.Debug|x64.ActiveCfg = Debug|x64
		{8006BB01-EE84-43EA-9C98-4216A68F2530}.Debug|x64.Build.0 = Debug|x64
		{8006BB01-EE84-43EA-9C98-4216A68F2530}.Debug|x86.ActiveCfg = Debug|Win32
		{8006BB01-EE84-43EA-9C98-4216A68F2530}.Debug|x86.Build.0 = Debug|Win32
		{8006BB01-EE84-43EA-9C98-4216A68F2530}.Release|Any CPU.ActiveCfg = Release|Win32
		{8006BB01-EE84-43EA-9C98-4216A68F2530}.Release|x64.ActiveCfg = Release|x64
		{8006BB01-EE84-43EA-9C98-4216A68F2530}.Release|x64.Build.0 = Release|x64
		{8006BB01-EE84-43EA-9C98-4216A68F2530}.Release|x86.ActiveCfg = Release|Win32
		{8006BB01-EE84-43EA-9C98-4216A68F2530}.Release|x86.Build.0 = Release|Win32
		{EF4A3188-CA93-45A2-AB52-7548669E3AA8}.Debug|Any CPU.ActiveCfg = Debug|Win32
		{EF4A3188-CA93-45A2-AB52-7548669E3AA8}.Debug|x64.ActiveCfg = Debug|Win32
		{EF4A3188-CA93-45A2-AB52-7548669E3AA8}.Debug|x86.ActiveCfg = Debug|Win32
		{EF4A3188-CA93-45A2-AB52-7548669E3AA8}.Debug|x86.Build.0 = Debug|Win32
		{EF4A3188-CA93-45A2-AB52-7548669E3AA8}.Release|Any CPU.ActiveCfg = Release|Win32
		{EF4A3188-CA93-45A2-AB52-7548669E3AA8}.Release|x64.ActiveCfg = Release|Win32
		{EF4A3188-CA93-45A2-AB52-7548669E3AA8}.Release|x86.ActiveCfg = Release|Win32
		{EF4A3188-CA93-45A2-AB52-7548669E3AA8}.Release|x86.Build.0 = Release|Win32
		{E7A22E0A-8F73-4C98-B1AF-5C723C85780F}.Debug|Any CPU.ActiveCfg = Debug|Win32
		{E7A22E0A-8F73-4C98-B1AF-5C723C85780F}.Debug|x64.ActiveCfg = Debug|x64
		{E7A22E0A-8F73-4C98-B1AF-5C723C85780F}.Debug|x64.Build.0 = Debug|x64
		{E7A22E0A-8F73-4C98-B1AF-5C723C85780F}.Debug|x86.ActiveCfg = Debug|Win32
		{E7A22E0A-8F73-4C98-B1AF-5C723C85780F}.Debug|x86.Build.0 = Debug|Win32
		{E7A22E0A-8F73-4C98-B1AF-5C723C85780F}.Release|Any CPU.ActiveCfg = Release|Win32
		{E7A22E0A-8F73-4C98-B1AF-5C723C85780F}.Release|x64.ActiveCfg = Release|x64
		{E7A22E0A-8F73-4C98-B1AF-5C723C85780F}.Release|x64.Build.0 = Release|x64
		{E7A22E0A-8F73-4C98-B1AF-5C723C85780F}.Release|x86.ActiveCfg = Release|Win32
		{E7A22E0A-8F73-4C98-B1AF-5C723C85780F}.Release|x86.Build.0 = Release|Win32
		{93A24881-6D5B-483F-8614-C5B35E8A05CA}.Debug|Any CPU.ActiveCfg = Debug|Win32
		{93A24881-6D5B-483F-8614-C5B35E8A05CA}.Debug|x64.ActiveCfg = Debug|x64
		{93A24881-6D5B-483F-8614-C5B35E8A05CA}.Debug|x64.Build.0 = Debug|x64
		{93A24881-6D5B-483F-8614-C5B35E8A05CA}.Debug|x86.ActiveCfg = Debug|Win32
		{93A24881-6D5B-483F-8614-C5B35E8A05CA}.Debug|x86.Build.0 = Debug|Win32
		{93A24881-6D5B-483F-8614-C5B35E8A05CA}.Release|Any CPU.ActiveCfg = Release|Win32
		{93A24881-6D5B-483F-8614-C5B35E8A05CA}.Release|x64.ActiveCfg = Release|x64
		{93A24881-6D5B-483F-8614-C5B35E8A05CA}.Release|x64.Build.0 = Release|x64
		{93A24881-6D5B-483F-8614-C5B35E8A05CA}.Release|x86.ActiveCfg = Release|Win32
		{93A24881-6D5B-483F-8614-C5B35E8A05CA}.Release|x86.Build.0 = Release|Win32
		{5E2548A1-C280-49E1-A2B6-55F4BA12B3F2}.Debug|Any CPU.ActiveCfg = Debug|Win32
		{5E2548A1-C280-49E1-A2B6-55F4BA12B3F2}.Debug|x64.ActiveCfg = Debug|x64
		{5E2548A1-C280-49E1-A2B6-55F4BA12B3F2}.Debug|x64.Build.0 = Debug|x64
		{5E2548A1-C280-49E1-A2B6-55F4BA12B3F2}.Debug|x86.ActiveCfg = Debug|Win32
		{5E2548A1-C280-49E1-A2B6-55F4BA12B3F2}.Debug|x86.Build.0 = Debug|Win32
		{5E2548A1-C280-49E1-A2B6-55F4BA12B3F2}.Release|Any CPU.ActiveCfg = Release|Win32
		{5E2548A1-C280-49E1-A2B6-55F4BA12B3F2}.Release|x64.ActiveCfg = Release|x64
		{5E2548A1-C280-49E1-A2B6-55F4BA12B3F2}.Release|x64.Build.0 = Release|x64
		{5E2548A1-C280-49E1-A2B6-55F4BA12B3F2}.Release|x86.ActiveCfg = Release|Win32
		{5E2548A1-C280-49E1-A2B6-55F4BA12B3F2}.Release|x86.Build.0 = Release|Win32
		{2F0ECB64-7C97-4797-87F1-5E4317A0B83D}.Debug|Any CPU.ActiveCfg = Debug|Win32
		{2F0ECB64-7C97-4797-87F1-5E4317A0B83D}.Debug|x64.ActiveCfg = Debug|x64
		{2F0ECB64-7C97-4797-87F1-5E4317A0B83D}.Debug|x64.Build.0 = Debug|x64
		{2F0ECB64-7C97-4797-87F1-5E4317A0B83D}.Debug|x86.ActiveCfg = Debug|Win32
		{2F0ECB64-7C97-4797-87F1-5E4317A0B83D}.Debug|x86.Build.0 = Debug|Win32
		{2F0ECB64-7C97-4797-87F1-5E4317A0B83D}.Release|Any CPU.ActiveCfg = Release|Win32
		{2F0ECB64-7C97-4797-87F1-5E4317A0B83D}.Release|x64.ActiveCfg = Release|x64
		{2F0ECB64-7C97-4797-87F1-5E4317A0B83D}.Release|x64.Build.0 = Release|x64
		{2F0ECB64-7C97-4797-87F1-5E4317A0B83D}.Release|x86.ActiveCfg = Release|Win32
		{2F0ECB64-7C97-4797-87F1-5E4317A0B83D}.Release|x86.Build.0 = Release|Win32
		{77BE9964-7862-4D05-AFF0-B42718AAE386}.Debug|Any CPU.ActiveCfg = Debug|Win32
		{77BE9964-7862-4D05-AFF0-B42718AAE386}.Debug|x64.ActiveCfg = Debug|x64
		{77BE9964-7862-4D05-AFF0-B42718AAE386}.Debug|x64.Build.0 = Debug|x64
		{77BE9964-7862-4D05-AFF0-B42718AAE386}.Debug|x86.ActiveCfg = Debug|Win32
		{77BE9964-7862-4D05-AFF0-B42718AAE386}.Debug|x86.Build.0 = Debug|Win32
		{77BE9964-7862-4D05-AFF0-B42718AAE386}.Release|Any CPU.ActiveCfg = Release|Win32
		{77BE9964-7862-4D05-AFF0-B42718AAE386}.Release|x64.ActiveCfg = Release|x64
		{77BE9964-7862-4D05-AFF0-B42718AAE386}.Release|x64.Build.0 = Release|x64
		{77BE9964-7862-4D05-AFF0-B42718AAE386}.Release|x86.ActiveCfg = Release|Win32
		{77BE9964-7862-4D05-AFF0-B42718AAE386}.Release|x86.Build.0 = Release|Win32
		{5632AB5E-C4AA-4119-9CDA-1A49176F2D52}.Debug|Any CPU.ActiveCfg = Debug|Win32
		{5632AB5E-C4AA-4119-9CDA-1A49176F2D52}.Debug|x64.ActiveCfg = Debug|Win32
		{5632AB5E-C4AA-4119-9CDA-1A49176F2D52}.Debug|x86.ActiveCfg = Debug|Win32
		{5632AB5E-C4AA-4119-9CDA-1A49176F2D52}.Debug|x86.Build.0 = Debug|Win32
		{5632AB5E-C4AA-4119-9CDA-1A49176F2D52}.Release|Any CPU.ActiveCfg = Release|Win32
		{5632AB5E-C4AA-4119-9CDA-1A49176F2D52}.Release|x64.ActiveCfg = Release|Win32
		{5632AB5E-C4AA-4119-9CDA-1A49176F2D52}.Release|x86.ActiveCfg = Release|Win32
		{5632AB5E-C4AA-4119-9CDA-1A49176F2D52}.Release|x86.Build.0 = Release|Win32
		{462B43B2-8B13-4178-BF2A-903F76F1985C}.Debug|Any CPU.ActiveCfg = Debug|Win32
		{462B43B2-8B13-4178-BF2A-903F76F1985C}.Debug|x64.ActiveCfg = Debug|x64
		{462B43B2-8B13-4178-BF2A-903F76F1985C}.Debug|x64.Build.0 = Debug|x64
		{462B43B2-8B13-4178-BF2A-903F76F1985C}.Debug|x86.ActiveCfg = Debug|Win32
		{462B43B2-8B13-4178-BF2A-903F76F1985C}.Debug|x86.Build.0 = Debug|Win32
		{462B43B2-8B13-4178-BF2A-903F76F1985C}.Release|Any CPU.ActiveCfg = Release|Win32
		{462B43B2-8B13-4178-BF2A-903F76F1985C}.Release|x64.ActiveCfg = Release|x64
		{462B43B2-8B13-4178-BF2A-903F76F1985C}.Release|x64.Build.0 = Release|x64
		{462B43B2-8B13-4178-BF2A-903F76F1985C}.Release|x86.ActiveCfg = Release|Win32
		{462B43B2-8B13-4178-BF2A-903F76F1985C}.Release|x86.Build.0 = Release|Win32
		{119080C0-DA30-4A3C-85D6-37315067CB1A}.Debug|Any CPU.ActiveCfg = Debug|Win32
		{119080C0-DA30-4A3C-85D6-37315067CB1A}.Debug|x64.ActiveCfg = Debug|x64
		{119080C0-DA30-4A3C-85D6-37315067CB1A}.Debug|x64.Build.0 = Debug|x64
		{119080C0-DA30-4A3C-85D6-37315067CB1A}.Debug|x86.ActiveCfg = Debug|Win32
		{119080C0-DA30-4A3C-85D6-37315067CB1A}.Debug|x86.Build.0 = Debug|Win32
		{119080C0-DA30-4A3C-85D6-37315067CB1A}.Release|Any CPU.ActiveCfg = Release|Win32
		{119080C0-DA30-4A3C-85D6-37315067CB1A}.Release|x64.ActiveCfg = Release|x64
		{119080C0-DA30-4A3C-85D6-37315067CB1A}.Release|x64.Build.0 = Release|x64
		{119080C0-DA30-4A3C-85D6-37315067CB1A}.Release|x86.ActiveCfg = Release|Win32
		{119080C0-DA30-4A3C-85D6-37315067CB1A}.Release|x86.Build.0 = Release|Win32
		{0AE7CD6E-0797-422E-8DB9-407E517624A5}.Debug|Any CPU.ActiveCfg = Debug|Win32
		{0AE7CD6E-0797-422E-8DB9-407E517624A5}.Debug|x64.ActiveCfg = Debug|x64
		{0AE7CD6E-0797-422E-8DB9-407E517624A5}.Debug|x64.Build.0 = Debug|x64
		{0AE7CD6E-0797-422E-8DB9-407E517624A5}.Debug|x86.ActiveCfg = Debug|Win32
		{0AE7CD6E-0797-422E-8DB9-407E517624A5}.Debug|x86.Build.0 = Debug|Win32
		{0AE7CD6E-0797-422E-8DB9-407E517624A5}.Release|Any CPU.ActiveCfg = Release|Win32
		{0AE7CD6E-0797-422E-8DB9-407E517624A5}.Release|x64.ActiveCfg = Release|x64
		{0AE7CD6E-0797-422E-8DB9-407E517624A5}.Release|x64.Build.0 = Release|x64
		{0AE7CD6E-0797-422E-8DB9-407E517624A5}.Release|x86.ActiveCfg = Release|Win32
		{0AE7CD6E-0797-422E-8DB9-407E517624A5}.Release|x86.Build.0 = Release|Win32
		{53C7C53B-4D2F-4E71-9AF3-0B77DD0034B3}.Debug|Any CPU.ActiveCfg = Debug|Win32
		{53C7C53B-4D2F-4E71-9AF3-0B77DD0034B3}.Debug|x64.ActiveCfg = Debug|x64
		{53C7C53B-4D2F-4E71-9AF3-0B77DD0034B3}.Debug|x64.Build.0 = Debug|x64
		{53C7C53B-4D2F-4E71-9AF3-0B77DD0034B3}.Debug|x86.ActiveCfg = Debug|Win32
		{53C7C53B-4D2F-4E71-9AF3-0B77DD0034B3}.Debug|x86.Build.0 = Debug|Win32
		{53C7C53B-4D2F-4E71-9AF3-0B77DD0034B3}.Release|Any CPU.ActiveCfg = Release|Win32
		{53C7C53B-4D2F-4E71-9AF3-0B77DD0034B3}.Release|x64.ActiveCfg = Release|x64
		{53C7C53B-4D2F-4E71-9AF3-0B77DD0034B3}.Release|x64.Build.0 = Release|x64
		{53C7C53B-4D2F-4E71-9AF3-0B77DD0034B3}.Release|x86.ActiveCfg = Release|Win32
		{53C7C53B-4D2F-4E71-9AF3-0B77DD0034B3}.Release|x86.Build.0 = Release|Win32
		{DDEE27FF-855E-4D10-AD7B-79CB8966EF13}.Debug|Any CPU.ActiveCfg = Debug|Win32
		{DDEE27FF-855E-4D10-AD7B-79CB8966EF13}.Debug|x64.ActiveCfg = Debug|Win32
		{DDEE27FF-855E-4D10-AD7B-79CB8966EF13}.Debug|x86.ActiveCfg = Debug|Win32
		{DDEE27FF-855E-4D10-AD7B-79CB8966EF13}.Debug|x86.Build.0 = Debug|Win32
		{DDEE27FF-855E-4D10-AD7B-79CB8966EF13}.Release|Any CPU.ActiveCfg = Release|Win32
		{DDEE27FF-855E-4D10-AD7B-79CB8966EF13}.Release|x64.ActiveCfg = Release|Win32
		{DDEE27FF-855E-4D10-AD7B-79CB8966EF13}.Release|x86.ActiveCfg = Release|Win32
		{DDEE27FF-855E-4D10-AD7B-79CB8966EF13}.Release|x86.Build.0 = Release|Win32
		{04CB7A5F-7472-4F19-9EA9-00B80063658C}.Debug|Any CPU.ActiveCfg = Debug|Win32
		{04CB7A5F-7472-4F19-9EA9-00B80063658C}.Debug|x64.ActiveCfg = Debug|x64
		{04CB7A5F-7472-4F19-9EA9-00B80063658C}.Debug|x64.Build.0 = Debug|x64
		{04CB7A5F-7472-4F19-9EA9-00B80063658C}.Debug|x86.ActiveCfg = Debug|Win32
		{04CB7A5F-7472-4F19-9EA9-00B80063658C}.Debug|x86.Build.0 = Debug|Win32
		{04CB7A5F-7472-4F19-9EA9-00B80063658C}.Release|Any CPU.ActiveCfg = Release|Win32
		{04CB7A5F-7472-4F19-9EA9-00B80063658C}.Release|x64.ActiveCfg = Release|x64
		{04CB7A5F-7472-4F19-9EA9-00B80063658C}.Release|x64.Build.0 = Release|x64
		{04CB7A5F-7472-4F19-9EA9-00B80063658C}.Release|x86.ActiveCfg = Release|Win32
		{04CB7A5F-7472-4F19-9EA9-00B80063658C}.Release|x86.Build.0 = Release|Win32
		{E7758FF7-9321-4A16-84ED-59743AB374CD}.Debug|Any CPU.ActiveCfg = Debug|Win32
		{E7758FF7-9321-4A16-84ED-59743AB374CD}.Debug|x64.ActiveCfg = Debug|x64
		{E7758FF7-9321-4A16-84ED-59743AB374CD}.Debug|x64.Build.0 = Debug|x64
		{E7758FF7-9321-4A16-84ED-59743AB374CD}.Debug|x86.ActiveCfg = Debug|Win32
		{E7758FF7-9321-4A16-84ED-59743AB374CD}.Debug|x86.Build.0 = Debug|Win32
		{E7758FF7-9321-4A16-84ED-59743AB374CD}.Release|Any CPU.ActiveCfg = Release|Win32
		{E7758FF7-9321-4A16-84ED-59743AB374CD}.Release|x64.ActiveCfg = Release|x64
		{E7758FF7-9321-4A16-84ED-59743AB374CD}.Release|x64.Build.0 = Release|x64
		{E7758FF7-9321-4A16-84ED-59743AB374CD}.Release|x86.ActiveCfg = Release|Win32
		{E7758FF7-9321-4A16-84ED-59743AB374CD}.Release|x86.Build.0 = Release|Win32
		{F49A0D63-B39D-40A3-854E-9038B4D99D73}.Debug|Any CPU.ActiveCfg = Debug|Win32
		{F49A0D63-B39D-40A3-854E-9038B4D99D73}.Debug|x64.ActiveCfg = Debug|x64
		{F49A0D63-B39D-40A3-854E-9038B4D99D73}.Debug|x64.Build.0 = Debug|x64
		{F49A0D63-B39D-40A3-854E-9038B4D99D73}.Debug|x86.ActiveCfg = Debug|Win32
		{F49A0D63-B39D-40A3-854E-9038B4D99D73}.Debug|x86.Build.0 = Debug|Win32
		{F49A0D63-B39D-40A3-854E-9038B4D99D73}.Release|Any CPU.ActiveCfg = Release|Win32
		{F49A0D63-B39D-40A3-854E-9038B4D99D73}.Release|x64.ActiveCfg = Release|x64
		{F49A0D63-B39D-40A3-854E-9038B4D99D73}.Release|x64.Build.0 = Release|x64
		{F49A0D63-B39D-40A3-854E-9038B4D99D73}.Release|x86.ActiveCfg = Release|Win32
		{F49A0D63-B39D-40A3-854E-9038B4D99D73}.Release|x86.Build.0 = Release|Win32
		{5BAA365A-8E1C-49A3-85F1-922506BE810D}.Debug|Any CPU.ActiveCfg = Debug|Win32
		{5BAA365A-8E1C-49A3-85F1-922506BE810D}.Debug|x64.ActiveCfg = Debug|x64
		{5BAA365A-8E1C-49A3-85F1-922506BE810D}.Debug|x64.Build.0 = Debug|x64
		{5BAA365A-8E1C-49A3-85F1-922506BE810D}.Debug|x86.ActiveCfg = Debug|Win32
		{5BAA365A-8E1C-49A3-85F1-922506BE810D}.Debug|x86.Build.0 = Debug|Win32
		{5BAA365A-8E1C-49A3-85F1-922506BE810D}.Release|Any CPU.ActiveCfg = Release|Win32
		{5BAA365A-8E1C-49A3-85F1-922506BE810D}.Release|x64.ActiveCfg = Release|x64
		{5BAA365A-8E1C-49A3-85F1-922506BE810D}.Release|x64.Build.0 = Release|x64
		{5BAA365A-8E1C-49A3-85F1-922506BE810D}.Release|x86.ActiveCfg = Release|Win32
		{5BAA365A-8E1C-49A3-85F1-922506BE810D}.Release|x86.Build.0 = Release|Win32
		{A0783384-5B91-472D-BF19-2689C22FC989}.Debug|Any CPU.ActiveCfg = Debug|Win32
		{A0783384-5B91-472D-BF19-2689C22FC989}.Debug|x64.ActiveCfg = Debug|x64
		{A0783384-5B91-472D-BF19-2689C22FC989}.Debug|x64.Build.0 = Debug|x64
		{A0783384-5B91-472D-BF19-2689C22FC989}.Debug|x86.ActiveCfg = Debug|Win32
		{A0783384-5B91-472D-BF19-2689C22FC989}.Debug|x86.Build.0 = Debug|Win32
		{A0783384-5B91-472D-BF19-2689C22FC989}.Release|Any CPU.ActiveCfg = Release|Win32
		{A0783384-5B91-472D-BF19-2689C22FC989}.Release|x64.ActiveCfg = Release|x64
		{A0783384-5B91-472D-BF19-2689C22FC989}.Release|x64.Build.0 = Release|x64
		{A0783384-5B91-472D-BF19-2689C22FC989}.Release|x86.ActiveCfg = Release|Win32
		{A0783384-5B91-472D-BF19-2689C22FC989}.Release|x86.Build.0 = Release|Win32
		{7D30D474-A1DD-4D23-928E-F9148547A019}.Debug|Any CPU.ActiveCfg = Debug|Win32
		{7D30D474-A1DD-4D23-928E-F9148547A019}.Debug|x64.ActiveCfg = Debug|x64
		{7D30D474-A1DD-4D23-928E-F9148547A019}.Debug|x64.Build.0 = Debug|x64
		{7D30D474-A1DD-4D23-928E-F9148547A019}.Debug|x86.ActiveCfg = Debug|Win32
		{7D30D474-A1DD-4D23-928E-F9148547A019}.Debug|x86.Build.0 = Debug|Win32
		{7D30D474-A1DD-4D23-928E-F9148547A019}.Release|Any CPU.ActiveCfg = Release|Win32
		{7D30D474-A1DD-4D23-928E-F9148547A019}.Release|x64.ActiveCfg = Release|x64
		{7D30D474-A1DD-4D23-928E-F9148547A019}.Release|x64.Build.0 = Release|x64
		{7D30D474-A1DD-4D23-928E-F9148547A019}.Release|x86.ActiveCfg = Release|Win32
		{7D30D474-A1DD-4D23-928E-F9148547A019}.Release|x86.Build.0 = Release|Win32
		{15B909FB-B771-4FE6-9726-CE4385C0E651}.Debug|Any CPU.ActiveCfg = Debug|Win32
		{15B909FB-B771-4FE6-9726-CE4385C0E651}.Debug|x64.ActiveCfg = Debug|x64
		{15B909FB-B771-4FE6-9726-CE4385C0E651}.Debug|x64.Build.0 = Debug|x64
		{15B909FB-B771-4FE6-9726-CE4385C0E651}.Debug|x86.ActiveCfg = Debug|Win32
		{15B909FB-B771-4FE6-9726-CE4385C0E651}.Debug|x86.Build.0 = Debug|Win32
		{15B909FB-B771-4FE6-9726-CE4385C0E651}.Release|Any CPU.ActiveCfg = Release|Win32
		{15B909FB-B771-4FE6-9726-CE4385C0E651}.Release|x64.ActiveCfg = Release|x64
		{15B909FB-B771-4FE6-9726-CE4385C0E651}.Release|x64.Build.0 = Release|x64
		{15B909FB-B771-4FE6-9726-CE4385C0E651}.Release|x86.ActiveCfg = Release|Win32
		{15B909FB-B771-4FE6-9726-CE4385C0E651}.Release|x86.Build.0 = Release|Win32
		{C147DF2C-95CF-4750-99E1-428148806A22}.Debug|Any CPU.ActiveCfg = Debug|Win32
		{C147DF2C-95CF-4750-99E1-428148806A22}.Debug|x64.ActiveCfg = Debug|x64
		{C147DF2C-95CF-4750-99E1-428148806A22}.Debug|x64.Build.0 = Debug|x64
		{C147DF2C-95CF-4750-99E1-428148806A22}.Debug|x86.ActiveCfg = Debug|Win32
		{C147DF2C-95CF-4750-99E1-428148806A22}.Debug|x86.Build.0 = Debug|Win32
		{C147DF2C-95CF-4750-99E1-428148806A22}.Release|Any CPU.ActiveCfg = Release|Win32
		{C147DF2C-95CF-4750-99E1-428148806A22}.Release|x64.ActiveCfg = Release|x64
		{C147DF2C-95CF-4750-99E1-428148806A22}.Release|x64.Build.0 = Release|x64
		{C147DF2C-95CF-4750-99E1-428148806A22}.Release|x86.ActiveCfg = Release|Win32
		{C147DF2C-95CF-4750-99E1-428148806A22}.Release|x86.Build.0 = Release|Win32
		{ED000A8E-A19A-4683-A7FB-E65695F53C7B}.Debug|Any CPU.ActiveCfg = Debug|Any CPU
		{ED000A8E-A19A-4683-A7FB-E65695F53C7B}.Debug|Any CPU.Build.0 = Debug|Any CPU
		{ED000A8E-A19A-4683-A7FB-E65695F53C7B}.Debug|x64.ActiveCfg = Debug|Any CPU
		{ED000A8E-A19A-4683-A7FB-E65695F53C7B}.Debug|x64.Build.0 = Debug|Any CPU
		{ED000A8E-A19A-4683-A7FB-E65695F53C7B}.Debug|x86.ActiveCfg = Debug|Any CPU
		{ED000A8E-A19A-4683-A7FB-E65695F53C7B}.Debug|x86.Build.0 = Debug|Any CPU
		{ED000A8E-A19A-4683-A7FB-E65695F53C7B}.Release|Any CPU.ActiveCfg = Release|Any CPU
		{ED000A8E-A19A-4683-A7FB-E65695F53C7B}.Release|Any CPU.Build.0 = Release|Any CPU
		{ED000A8E-A19A-4683-A7FB-E65695F53C7B}.Release|x64.ActiveCfg = Release|Any CPU
		{ED000A8E-A19A-4683-A7FB-E65695F53C7B}.Release|x64.Build.0 = Release|Any CPU
		{ED000A8E-A19A-4683-A7FB-E65695F53C7B}.Release|x86.ActiveCfg = Release|Any CPU
		{ED000A8E-A19A-4683-A7FB-E65695F53C7B}.Release|x86.Build.0 = Release|Any CPU
	EndGlobalSection
	GlobalSection(SolutionProperties) = preSolution
		HideSolutionNode = FALSE
	EndGlobalSection
	GlobalSection(ExtensibilityGlobals) = postSolution
		SolutionGuid = {487EB306-C369-4F14-9997-0C910D20C4AF}
	EndGlobalSection
EndGlobal
